// !$*UTF8*$!
{
	archiveVersion = 1;
	classes = {
	};
	objectVersion = 46;
	objects = {

/* Begin PBXBuildFile section */
		19EC951A1C196013003D02C7 /* main.m in Sources */ = {isa = PBXBuildFile; fileRef = 19EC95191C196013003D02C7 /* main.m */; };
		19EC951D1C196013003D02C7 /* AppDelegate.m in Sources */ = {isa = PBXBuildFile; fileRef = 19EC951C1C196013003D02C7 /* AppDelegate.m */; };
		19EC95201C196013003D02C7 /* ViewController.m in Sources */ = {isa = PBXBuildFile; fileRef = 19EC951F1C196013003D02C7 /* ViewController.m */; };
		19EC95231C196013003D02C7 /* Main.storyboard in Resources */ = {isa = PBXBuildFile; fileRef = 19EC95211C196013003D02C7 /* Main.storyboard */; };
		19EC95251C196013003D02C7 /* Assets.xcassets in Resources */ = {isa = PBXBuildFile; fileRef = 19EC95241C196013003D02C7 /* Assets.xcassets */; };
		19EC95281C196013003D02C7 /* LaunchScreen.storyboard in Resources */ = {isa = PBXBuildFile; fileRef = 19EC95261C196013003D02C7 /* LaunchScreen.storyboard */; };
		19EC95331C196013003D02C7 /* TouchDemoTests.m in Sources */ = {isa = PBXBuildFile; fileRef = 19EC95321C196013003D02C7 /* TouchDemoTests.m */; };
		19EC953E1C196013003D02C7 /* TouchDemoUITests.m in Sources */ = {isa = PBXBuildFile; fileRef = 19EC953D1C196013003D02C7 /* TouchDemoUITests.m */; };
		19EC954D1C1960C4003D02C7 /* FirstViewController.m in Sources */ = {isa = PBXBuildFile; fileRef = 19EC954C1C1960C4003D02C7 /* FirstViewController.m */; };
		1BA712FC1ED3516700F6D6B1 /* img_1.jpeg in Resources */ = {isa = PBXBuildFile; fileRef = 1BA712FA1ED3516700F6D6B1 /* img_1.jpeg */; };
		1BA712FD1ED3516700F6D6B1 /* img_2.jpeg in Resources */ = {isa = PBXBuildFile; fileRef = 1BA712FB1ED3516700F6D6B1 /* img_2.jpeg */; };
/* End PBXBuildFile section */

/* Begin PBXContainerItemProxy section */
		19EC952F1C196013003D02C7 /* PBXContainerItemProxy */ = {
			isa = PBXContainerItemProxy;
			containerPortal = 19EC950D1C196012003D02C7 /* Project object */;
			proxyType = 1;
			remoteGlobalIDString = 19EC95141C196012003D02C7;
			remoteInfo = TouchDemo;
		};
		19EC953A1C196013003D02C7 /* PBXContainerItemProxy */ = {
			isa = PBXContainerItemProxy;
			containerPortal = 19EC950D1C196012003D02C7 /* Project object */;
			proxyType = 1;
			remoteGlobalIDString = 19EC95141C196012003D02C7;
			remoteInfo = TouchDemo;
		};
/* End PBXContainerItemProxy section */

/* Begin PBXFileReference section */
		19EC95151C196013003D02C7 /* TouchDemo.app */ = {isa = PBXFileReference; explicitFileType = wrapper.application; includeInIndex = 0; path = TouchDemo.app; sourceTree = BUILT_PRODUCTS_DIR; };
		19EC95191C196013003D02C7 /* main.m */ = {isa = PBXFileReference; lastKnownFileType = sourcecode.c.objc; path = main.m; sourceTree = "<group>"; };
		19EC951B1C196013003D02C7 /* AppDelegate.h */ = {isa = PBXFileReference; lastKnownFileType = sourcecode.c.h; path = AppDelegate.h; sourceTree = "<group>"; };
		19EC951C1C196013003D02C7 /* AppDelegate.m */ = {isa = PBXFileReference; lastKnownFileType = sourcecode.c.objc; path = AppDelegate.m; sourceTree = "<group>"; };
		19EC951E1C196013003D02C7 /* ViewController.h */ = {isa = PBXFileReference; lastKnownFileType = sourcecode.c.h; path = ViewController.h; sourceTree = "<group>"; };
		19EC951F1C196013003D02C7 /* ViewController.m */ = {isa = PBXFileReference; lastKnownFileType = sourcecode.c.objc; path = ViewController.m; sourceTree = "<group>"; };
		19EC95221C196013003D02C7 /* Base */ = {isa = PBXFileReference; lastKnownFileType = file.storyboard; name = Base; path = Base.lproj/Main.storyboard; sourceTree = "<group>"; };
		19EC95241C196013003D02C7 /* Assets.xcassets */ = {isa = PBXFileReference; lastKnownFileType = folder.assetcatalog; path = Assets.xcassets; sourceTree = "<group>"; };
		19EC95271C196013003D02C7 /* Base */ = {isa = PBXFileReference; lastKnownFileType = file.storyboard; name = Base; path = Base.lproj/LaunchScreen.storyboard; sourceTree = "<group>"; };
		19EC95291C196013003D02C7 /* Info.plist */ = {isa = PBXFileReference; lastKnownFileType = text.plist.xml; path = Info.plist; sourceTree = "<group>"; };
		19EC952E1C196013003D02C7 /* TouchDemoTests.xctest */ = {isa = PBXFileReference; explicitFileType = wrapper.cfbundle; includeInIndex = 0; path = TouchDemoTests.xctest; sourceTree = BUILT_PRODUCTS_DIR; };
		19EC95321C196013003D02C7 /* TouchDemoTests.m */ = {isa = PBXFileReference; lastKnownFileType = sourcecode.c.objc; path = TouchDemoTests.m; sourceTree = "<group>"; };
		19EC95341C196013003D02C7 /* Info.plist */ = {isa = PBXFileReference; lastKnownFileType = text.plist.xml; path = Info.plist; sourceTree = "<group>"; };
		19EC95391C196013003D02C7 /* TouchDemoUITests.xctest */ = {isa = PBXFileReference; explicitFileType = wrapper.cfbundle; includeInIndex = 0; path = TouchDemoUITests.xctest; sourceTree = BUILT_PRODUCTS_DIR; };
		19EC953D1C196013003D02C7 /* TouchDemoUITests.m */ = {isa = PBXFileReference; lastKnownFileType = sourcecode.c.objc; path = TouchDemoUITests.m; sourceTree = "<group>"; };
		19EC953F1C196013003D02C7 /* Info.plist */ = {isa = PBXFileReference; lastKnownFileType = text.plist.xml; path = Info.plist; sourceTree = "<group>"; };
		19EC954B1C1960C4003D02C7 /* FirstViewController.h */ = {isa = PBXFileReference; fileEncoding = 4; lastKnownFileType = sourcecode.c.h; path = FirstViewController.h; sourceTree = "<group>"; };
		19EC954C1C1960C4003D02C7 /* FirstViewController.m */ = {isa = PBXFileReference; fileEncoding = 4; lastKnownFileType = sourcecode.c.objc; path = FirstViewController.m; sourceTree = "<group>"; };
		1BA712FA1ED3516700F6D6B1 /* img_1.jpeg */ = {isa = PBXFileReference; lastKnownFileType = image.jpeg; path = img_1.jpeg; sourceTree = "<group>"; };
		1BA712FB1ED3516700F6D6B1 /* img_2.jpeg */ = {isa = PBXFileReference; lastKnownFileType = image.jpeg; path = img_2.jpeg; sourceTree = "<group>"; };
/* End PBXFileReference section */

/* Begin PBXFrameworksBuildPhase section */
		19EC95121C196012003D02C7 /* Frameworks */ = {
			isa = PBXFrameworksBuildPhase;
			buildActionMask = 2147483647;
			files = (
			);
			runOnlyForDeploymentPostprocessing = 0;
		};
		19EC952B1C196013003D02C7 /* Frameworks */ = {
			isa = PBXFrameworksBuildPhase;
			buildActionMask = 2147483647;
			files = (
			);
			runOnlyForDeploymentPostprocessing = 0;
		};
		19EC95361C196013003D02C7 /* Frameworks */ = {
			isa = PBXFrameworksBuildPhase;
			buildActionMask = 2147483647;
			files = (
			);
			runOnlyForDeploymentPostprocessing = 0;
		};
/* End PBXFrameworksBuildPhase section */

/* Begin PBXGroup section */
		19EC950C1C196012003D02C7 = {
			isa = PBXGroup;
			children = (
				19EC95171C196013003D02C7 /* TouchDemo */,
				19EC95311C196013003D02C7 /* TouchDemoTests */,
				19EC953C1C196013003D02C7 /* TouchDemoUITests */,
				19EC95161C196013003D02C7 /* Products */,
			);
			sourceTree = "<group>";
		};
		19EC95161C196013003D02C7 /* Products */ = {
			isa = PBXGroup;
			children = (
				19EC95151C196013003D02C7 /* TouchDemo.app */,
				19EC952E1C196013003D02C7 /* TouchDemoTests.xctest */,
				19EC95391C196013003D02C7 /* TouchDemoUITests.xctest */,
			);
			name = Products;
			sourceTree = "<group>";
		};
		19EC95171C196013003D02C7 /* TouchDemo */ = {
			isa = PBXGroup;
			children = (
				19EC951B1C196013003D02C7 /* AppDelegate.h */,
				19EC951C1C196013003D02C7 /* AppDelegate.m */,
				19EC951E1C196013003D02C7 /* ViewController.h */,
				19EC951F1C196013003D02C7 /* ViewController.m */,
				19EC954B1C1960C4003D02C7 /* FirstViewController.h */,
				19EC954C1C1960C4003D02C7 /* FirstViewController.m */,
				19EC95211C196013003D02C7 /* Main.storyboard */,
				19EC95241C196013003D02C7 /* Assets.xcassets */,
				19EC95261C196013003D02C7 /* LaunchScreen.storyboard */,
				19EC95291C196013003D02C7 /* Info.plist */,
				19EC95181C196013003D02C7 /* Supporting Files */,
			);
			path = TouchDemo;
			sourceTree = "<group>";
		};
		19EC95181C196013003D02C7 /* Supporting Files */ = {
			isa = PBXGroup;
			children = (
				1BA712FA1ED3516700F6D6B1 /* img_1.jpeg */,
				1BA712FB1ED3516700F6D6B1 /* img_2.jpeg */,
				19EC95191C196013003D02C7 /* main.m */,
			);
			name = "Supporting Files";
			sourceTree = "<group>";
		};
		19EC95311C196013003D02C7 /* TouchDemoTests */ = {
			isa = PBXGroup;
			children = (
				19EC95321C196013003D02C7 /* TouchDemoTests.m */,
				19EC95341C196013003D02C7 /* Info.plist */,
			);
			path = TouchDemoTests;
			sourceTree = "<group>";
		};
		19EC953C1C196013003D02C7 /* TouchDemoUITests */ = {
			isa = PBXGroup;
			children = (
				19EC953D1C196013003D02C7 /* TouchDemoUITests.m */,
				19EC953F1C196013003D02C7 /* Info.plist */,
			);
			path = TouchDemoUITests;
			sourceTree = "<group>";
		};
/* End PBXGroup section */

/* Begin PBXNativeTarget section */
		19EC95141C196012003D02C7 /* TouchDemo */ = {
			isa = PBXNativeTarget;
			buildConfigurationList = 19EC95421C196013003D02C7 /* Build configuration list for PBXNativeTarget "TouchDemo" */;
			buildPhases = (
				19EC95111C196012003D02C7 /* Sources */,
				19EC95121C196012003D02C7 /* Frameworks */,
				19EC95131C196012003D02C7 /* Resources */,
			);
			buildRules = (
			);
			dependencies = (
			);
			name = TouchDemo;
			productName = TouchDemo;
			productReference = 19EC95151C196013003D02C7 /* TouchDemo.app */;
			productType = "com.apple.product-type.application";
		};
		19EC952D1C196013003D02C7 /* TouchDemoTests */ = {
			isa = PBXNativeTarget;
			buildConfigurationList = 19EC95451C196013003D02C7 /* Build configuration list for PBXNativeTarget "TouchDemoTests" */;
			buildPhases = (
				19EC952A1C196013003D02C7 /* Sources */,
				19EC952B1C196013003D02C7 /* Frameworks */,
				19EC952C1C196013003D02C7 /* Resources */,
			);
			buildRules = (
			);
			dependencies = (
				19EC95301C196013003D02C7 /* PBXTargetDependency */,
			);
			name = TouchDemoTests;
			productName = TouchDemoTests;
			productReference = 19EC952E1C196013003D02C7 /* TouchDemoTests.xctest */;
			productType = "com.apple.product-type.bundle.unit-test";
		};
		19EC95381C196013003D02C7 /* TouchDemoUITests */ = {
			isa = PBXNativeTarget;
			buildConfigurationList = 19EC95481C196013003D02C7 /* Build configuration list for PBXNativeTarget "TouchDemoUITests" */;
			buildPhases = (
				19EC95351C196013003D02C7 /* Sources */,
				19EC95361C196013003D02C7 /* Frameworks */,
				19EC95371C196013003D02C7 /* Resources */,
			);
			buildRules = (
			);
			dependencies = (
				19EC953B1C196013003D02C7 /* PBXTargetDependency */,
			);
			name = TouchDemoUITests;
			productName = TouchDemoUITests;
			productReference = 19EC95391C196013003D02C7 /* TouchDemoUITests.xctest */;
			productType = "com.apple.product-type.bundle.ui-testing";
		};
/* End PBXNativeTarget section */

/* Begin PBXProject section */
		19EC950D1C196012003D02C7 /* Project object */ = {
			isa = PBXProject;
			attributes = {
				LastUpgradeCheck = 0710;
				ORGANIZATIONNAME = "张世琦";
				TargetAttributes = {
					19EC95141C196012003D02C7 = {
						CreatedOnToolsVersion = 7.1;
						DevelopmentTeam = QPQ6J7H2SH;
					};
					19EC952D1C196013003D02C7 = {
						CreatedOnToolsVersion = 7.1;
						TestTargetID = 19EC95141C196012003D02C7;
					};
					19EC95381C196013003D02C7 = {
						CreatedOnToolsVersion = 7.1;
						TestTargetID = 19EC95141C196012003D02C7;
					};
				};
			};
			buildConfigurationList = 19EC95101C196012003D02C7 /* Build configuration list for PBXProject "TouchDemo" */;
			compatibilityVersion = "Xcode 3.2";
			developmentRegion = English;
			hasScannedForEncodings = 0;
			knownRegions = (
				en,
				Base,
			);
			mainGroup = 19EC950C1C196012003D02C7;
			productRefGroup = 19EC95161C196013003D02C7 /* Products */;
			projectDirPath = "";
			projectRoot = "";
			targets = (
				19EC95141C196012003D02C7 /* TouchDemo */,
				19EC952D1C196013003D02C7 /* TouchDemoTests */,
				19EC95381C196013003D02C7 /* TouchDemoUITests */,
			);
		};
/* End PBXProject section */

/* Begin PBXResourcesBuildPhase section */
		19EC95131C196012003D02C7 /* Resources */ = {
			isa = PBXResourcesBuildPhase;
			buildActionMask = 2147483647;
			files = (
				19EC95281C196013003D02C7 /* LaunchScreen.storyboard in Resources */,
				1BA712FD1ED3516700F6D6B1 /* img_2.jpeg in Resources */,
				19EC95251C196013003D02C7 /* Assets.xcassets in Resources */,
				19EC95231C196013003D02C7 /* Main.storyboard in Resources */,
				1BA712FC1ED3516700F6D6B1 /* img_1.jpeg in Resources */,
			);
			runOnlyForDeploymentPostprocessing = 0;
		};
		19EC952C1C196013003D02C7 /* Resources */ = {
			isa = PBXResourcesBuildPhase;
			buildActionMask = 2147483647;
			files = (
			);
			runOnlyForDeploymentPostprocessing = 0;
		};
		19EC95371C196013003D02C7 /* Resources */ = {
			isa = PBXResourcesBuildPhase;
			buildActionMask = 2147483647;
			files = (
			);
			runOnlyForDeploymentPostprocessing = 0;
		};
/* End PBXResourcesBuildPhase section */

/* Begin PBXSourcesBuildPhase section */
		19EC95111C196012003D02C7 /* Sources */ = {
			isa = PBXSourcesBuildPhase;
			buildActionMask = 2147483647;
			files = (
				19EC95201C196013003D02C7 /* ViewController.m in Sources */,
				19EC951D1C196013003D02C7 /* AppDelegate.m in Sources */,
				19EC951A1C196013003D02C7 /* main.m in Sources */,
				19EC954D1C1960C4003D02C7 /* FirstViewController.m in Sources */,
			);
			runOnlyForDeploymentPostprocessing = 0;
		};
		19EC952A1C196013003D02C7 /* Sources */ = {
			isa = PBXSourcesBuildPhase;
			buildActionMask = 2147483647;
			files = (
				19EC95331C196013003D02C7 /* TouchDemoTests.m in Sources */,
			);
			runOnlyForDeploymentPostprocessing = 0;
		};
		19EC95351C196013003D02C7 /* Sources */ = {
			isa = PBXSourcesBuildPhase;
			buildActionMask = 2147483647;
			files = (
				19EC953E1C196013003D02C7 /* TouchDemoUITests.m in Sources */,
			);
			runOnlyForDeploymentPostprocessing = 0;
		};
/* End PBXSourcesBuildPhase section */

/* Begin PBXTargetDependency section */
		19EC95301C196013003D02C7 /* PBXTargetDependency */ = {
			isa = PBXTargetDependency;
			target = 19EC95141C196012003D02C7 /* TouchDemo */;
			targetProxy = 19EC952F1C196013003D02C7 /* PBXContainerItemProxy */;
		};
		19EC953B1C196013003D02C7 /* PBXTargetDependency */ = {
			isa = PBXTargetDependency;
			target = 19EC95141C196012003D02C7 /* TouchDemo */;
			targetProxy = 19EC953A1C196013003D02C7 /* PBXContainerItemProxy */;
		};
/* End PBXTargetDependency section */

/* Begin PBXVariantGroup section */
		19EC95211C196013003D02C7 /* Main.storyboard */ = {
			isa = PBXVariantGroup;
			children = (
				19EC95221C196013003D02C7 /* Base */,
			);
			name = Main.storyboard;
			sourceTree = "<group>";
		};
		19EC95261C196013003D02C7 /* LaunchScreen.storyboard */ = {
			isa = PBXVariantGroup;
			children = (
				19EC95271C196013003D02C7 /* Base */,
			);
			name = LaunchScreen.storyboard;
			sourceTree = "<group>";
		};
/* End PBXVariantGroup section */

/* Begin XCBuildConfiguration section */
		19EC95401C196013003D02C7 /* Debug */ = {
			isa = XCBuildConfiguration;
			buildSettings = {
				ALWAYS_SEARCH_USER_PATHS = NO;
				CLANG_CXX_LANGUAGE_STANDARD = "gnu++0x";
				CLANG_CXX_LIBRARY = "libc++";
				CLANG_ENABLE_MODULES = YES;
				CLANG_ENABLE_OBJC_ARC = YES;
				CLANG_WARN_BOOL_CONVERSION = YES;
				CLANG_WARN_CONSTANT_CONVERSION = YES;
				CLANG_WARN_DIRECT_OBJC_ISA_USAGE = YES_ERROR;
				CLANG_WARN_EMPTY_BODY = YES;
				CLANG_WARN_ENUM_CONVERSION = YES;
				CLANG_WARN_INT_CONVERSION = YES;
				CLANG_WARN_OBJC_ROOT_CLASS = YES_ERROR;
				CLANG_WARN_UNREACHABLE_CODE = YES;
				CLANG_WARN__DUPLICATE_METHOD_MATCH = YES;
				"CODE_SIGN_IDENTITY[sdk=iphoneos*]" = "iPhone Developer";
				COPY_PHASE_STRIP = NO;
				DEBUG_INFORMATION_FORMAT = dwarf;
				ENABLE_STRICT_OBJC_MSGSEND = YES;
				ENABLE_TESTABILITY = YES;
				GCC_C_LANGUAGE_STANDARD = gnu99;
				GCC_DYNAMIC_NO_PIC = NO;
				GCC_NO_COMMON_BLOCKS = YES;
				GCC_OPTIMIZATION_LEVEL = 0;
				GCC_PREPROCESSOR_DEFINITIONS = (
					"DEBUG=1",
					"$(inherited)",
				);
				GCC_WARN_64_TO_32_BIT_CONVERSION = YES;
				GCC_WARN_ABOUT_RETURN_TYPE = YES_ERROR;
				GCC_WARN_UNDECLARED_SELECTOR = YES;
				GCC_WARN_UNINITIALIZED_AUTOS = YES_AGGRESSIVE;
				GCC_WARN_UNUSED_FUNCTION = YES;
				GCC_WARN_UNUSED_VARIABLE = YES;
				IPHONEOS_DEPLOYMENT_TARGET = 9.1;
				MTL_ENABLE_DEBUG_INFO = YES;
				ONLY_ACTIVE_ARCH = YES;
				SDKROOT = iphoneos;
			};
			name = Debug;
		};
		19EC95411C196013003D02C7 /* Release */ = {
			isa = XCBuildConfiguration;
			buildSettings = {
				ALWAYS_SEARCH_USER_PATHS = NO;
				CLANG_CXX_LANGUAGE_STANDARD = "gnu++0x";
				CLANG_CXX_LIBRARY = "libc++";
				CLANG_ENABLE_MODULES = YES;
				CLANG_ENABLE_OBJC_ARC = YES;
				CLANG_WARN_BOOL_CONVERSION = YES;
				CLANG_WARN_CONSTANT_CONVERSION = YES;
				CLANG_WARN_DIRECT_OBJC_ISA_USAGE = YES_ERROR;
				CLANG_WARN_EMPTY_BODY = YES;
				CLANG_WARN_ENUM_CONVERSION = YES;
				CLANG_WARN_INT_CONVERSION = YES;
				CLANG_WARN_OBJC_ROOT_CLASS = YES_ERROR;
				CLANG_WARN_UNREACHABLE_CODE = YES;
				CLANG_WARN__DUPLICATE_METHOD_MATCH = YES;
				"CODE_SIGN_IDENTITY[sdk=iphoneos*]" = "iPhone Developer";
				COPY_PHASE_STRIP = NO;
				DEBUG_INFORMATION_FORMAT = "dwarf-with-dsym";
				ENABLE_NS_ASSERTIONS = NO;
				ENABLE_STRICT_OBJC_MSGSEND = YES;
				GCC_C_LANGUAGE_STANDARD = gnu99;
				GCC_NO_COMMON_BLOCKS = YES;
				GCC_WARN_64_TO_32_BIT_CONVERSION = YES;
				GCC_WARN_ABOUT_RETURN_TYPE = YES_ERROR;
				GCC_WARN_UNDECLARED_SELECTOR = YES;
				GCC_WARN_UNINITIALIZED_AUTOS = YES_AGGRESSIVE;
				GCC_WARN_UNUSED_FUNCTION = YES;
				GCC_WARN_UNUSED_VARIABLE = YES;
				IPHONEOS_DEPLOYMENT_TARGET = 9.1;
				MTL_ENABLE_DEBUG_INFO = NO;
				SDKROOT = iphoneos;
				VALIDATE_PRODUCT = YES;
			};
			name = Release;
		};
		19EC95431C196013003D02C7 /* Debug */ = {
			isa = XCBuildConfiguration;
			buildSettings = {
				ASSETCATALOG_COMPILER_APPICON_NAME = AppIcon;
				CODE_SIGN_IDENTITY = "iPhone Developer";
				DEVELOPMENT_TEAM = QPQ6J7H2SH;
				INFOPLIST_FILE = TouchDemo/Info.plist;
				LD_RUNPATH_SEARCH_PATHS = "$(inherited) @executable_path/Frameworks";
				PRODUCT_BUNDLE_IDENTIFIER = com.zsq.TouchDemo;
				PRODUCT_NAME = "$(TARGET_NAME)";
			};
			name = Debug;
		};
		19EC95441C196013003D02C7 /* Release */ = {
			isa = XCBuildConfiguration;
			buildSettings = {
				ASSETCATALOG_COMPILER_APPICON_NAME = AppIcon;
				CODE_SIGN_IDENTITY = "iPhone Developer";
				DEVELOPMENT_TEAM = QPQ6J7H2SH;
				INFOPLIST_FILE = TouchDemo/Info.plist;
				LD_RUNPATH_SEARCH_PATHS = "$(inherited) @executable_path/Frameworks";
				PRODUCT_BUNDLE_IDENTIFIER = com.zsq.TouchDemo;
				PRODUCT_NAME = "$(TARGET_NAME)";
			};
			name = Release;
		};
		19EC95461C196013003D02C7 /* Debug */ = {
			isa = XCBuildConfiguration;
			buildSettings = {
				BUNDLE_LOADER = "$(TEST_HOST)";
				INFOPLIST_FILE = TouchDemoTests/Info.plist;
				LD_RUNPATH_SEARCH_PATHS = "$(inherited) @executable_path/Frameworks @loader_path/Frameworks";
				PRODUCT_BUNDLE_IDENTIFIER = com.123.TouchDemoTests;
				PRODUCT_NAME = "$(TARGET_NAME)";
				TEST_HOST = "$(BUILT_PRODUCTS_DIR)/TouchDemo.app/TouchDemo";
			};
			name = Debug;
		};
		19EC95471C196013003D02C7 /* Release */ = {
			isa = XCBuildConfiguration;
			buildSettings = {
				BUNDLE_LOADER = "$(TEST_HOST)";
				INFOPLIST_FILE = TouchDemoTests/Info.plist;
				LD_RUNPATH_SEARCH_PATHS = "$(inherited) @executable_path/Frameworks @loader_path/Frameworks";
				PRODUCT_BUNDLE_IDENTIFIER = com.123.TouchDemoTests;
				PRODUCT_NAME = "$(TARGET_NAME)";
				TEST_HOST = "$(BUILT_PRODUCTS_DIR)/TouchDemo.app/TouchDemo";
			};
			name = Release;
		};
		19EC95491C196013003D02C7 /* Debug */ = {
			isa = XCBuildConfiguration;
			buildSettings = {
				INFOPLIST_FILE = TouchDemoUITests/Info.plist;
				LD_RUNPATH_SEARCH_PATHS = "$(inherited) @executable_path/Frameworks @loader_path/Frameworks";
				PRODUCT_BUNDLE_IDENTIFIER = com.123.TouchDemoUITests;
				PRODUCT_NAME = "$(TARGET_NAME)";
				TEST_TARGET_NAME = TouchDemo;
				USES_XCTRUNNER = YES;
			};
			name = Debug;
		};
		19EC954A1C196013003D02C7 /* Release */ = {
			isa = XCBuildConfiguration;
			buildSettings = {
				INFOPLIST_FILE = TouchDemoUITests/Info.plist;
				LD_RUNPATH_SEARCH_PATHS = "$(inherited) @executable_path/Frameworks @loader_path/Frameworks";
				PRODUCT_BUNDLE_IDENTIFIER = com.123.TouchDemoUITests;
				PRODUCT_NAME = "$(TARGET_NAME)";
				TEST_TARGET_NAME = TouchDemo;
				USES_XCTRUNNER = YES;
			};
			name = Release;
		};
/* End XCBuildConfiguration section */

/* Begin XCConfigurationList section */
		19EC95101C196012003D02C7 /* Build configuration list for PBXProject "TouchDemo" */ = {
			isa = XCConfigurationList;
			buildConfigurations = (
				19EC95401C196013003D02C7 /* Debug */,
				19EC95411C196013003D02C7 /* Release */,
			);
			defaultConfigurationIsVisible = 0;
			defaultConfigurationName = Release;
		};
		19EC95421C196013003D02C7 /* Build configuration list for PBXNativeTarget "TouchDemo" */ = {
			isa = XCConfigurationList;
			buildConfigurations = (
				19EC95431C196013003D02C7 /* Debug */,
				19EC95441C196013003D02C7 /* Release */,
			);
			defaultConfigurationIsVisible = 0;
			defaultConfigurationName = Release;
		};
		19EC95451C196013003D02C7 /* Build configuration list for PBXNativeTarget "TouchDemoTests" */ = {
			isa = XCConfigurationList;
			buildConfigurations = (
				19EC95461C196013003D02C7 /* Debug */,
				19EC95471C196013003D02C7 /* Release */,
			);
			defaultConfigurationIsVisible = 0;
			defaultConfigurationName = Release;
		};
		19EC95481C196013003D02C7 /* Build configuration list for PBXNativeTarget "TouchDemoUITests" */ = {
			isa = XCConfigurationList;
			buildConfigurations = (
				19EC95491C196013003D02C7 /* Debug */,
				19EC954A1C196013003D02C7 /* Release */,
			);
			defaultConfigurationIsVisible = 0;
			defaultConfigurationName = Release;
		};
/* End XCConfigurationList section */
	};
	rootObject = 19EC950D1C196012003D02C7 /* Project object */;
}
